
Microsoft Visual Studio Solution File, Format Version 12.00
Project("{FAE04EC0-301F-11D3-BF4B-00C04F79EFBC}") = "task", "task\task.csproj", "{76475F08-3C0A-4DB1-9776-AEB43D37AFA8}"
EndProject
Global
	GlobalSection(SolutionConfigurationPlatforms) = preSolution
		Debug|Any CPU = Debug|Any CPU
		Release|Any CPU = Release|Any CPU
	EndGlobalSection
	GlobalSection(ProjectConfigurationPlatforms) = postSolution
		{76475F08-3C0A-4DB1-9776-AEB43D37AFA8}.Debug|Any CPU.ActiveCfg = Debug|Any CPU
		{76475F08-3C0A-4DB1-9776-AEB43D37AFA8}.Debug|Any CPU.Build.0 = Debug|Any CPU
		{76475F08-3C0A-4DB1-9776-AEB43D37AFA8}.Release|Any CPU.ActiveCfg = Release|Any CPU
		{76475F08-3C0A-4DB1-9776-AEB43D37AFA8}.Release|Any CPU.Build.0 = Release|Any CPU
	EndGlobalSection
EndGlobal
